# This file is autogenerated, do not edit; changes may be undone by the next 'dep ensure'.


[[projects]]
  digest = "1:c733d226762ee809eaa599ddbd55f8c126234956b766d6c7d36d363e8ed01483"
  name = "github.com/godaner/go-route"
  packages = ["route"]
  pruneopts = "UT"
  revision = "de46252a5f25482fd8740e0e2a436ff6239a1a0c"
  version = "2.1.1"

[[projects]]
  branch = "master"
  digest = "1:969aaed565c2b808735824ab5e47b8578c1555408f311469d71aa764616a4ed3"
  name = "github.com/godaner/go-util"
  packages = [
    "httputil",
    "timeutil",
  ]
  pruneopts = "UT"
  revision = "6ba20c5863712af7dedabcac1e05286e5c8bcf0f"

[[projects]]
  branch = "master"
  digest = "1:b1fc83566d9e5dd287125132fea112a475ee40addf212cfa3aa0cc6efebf25b1"
  name = "github.com/smartwalle/alipay"
  packages = [
    ".",
    "encoding",
  ]
  pruneopts = "UT"
  revision = "58cec20e3e22caced7114b0f405f54c1108ab3b6"

[[projects]]
  branch = "v2"
  digest = "1:988de7520a09024d5d94cd99bd545afbf194893994ec759b1cda0a0bbb6adb80"
  name = "gopkg.in/mgo.v2"
  packages = [
    ".",
    "bson",
    "internal/json",
    "internal/sasl",
    "internal/scram",
  ]
  pruneopts = "UT"
  revision = "9856a29383ce1c59f308dd1cf0363a79b5bef6b5"

[solve-meta]
  analyzer-name = "dep"
  analyzer-version = 1
  input-imports = [
    "github.com/godaner/go-route/route",
    "github.com/godaner/go-util/httputil",
    "github.com/godaner/go-util/timeutil",
    "github.com/smartwalle/alipay",
    "gopkg.in/mgo.v2",
    "gopkg.in/mgo.v2/bson",
  ]
  solver-name = "gps-cdcl"
  solver-version = 1
