# This file is autogenerated, do not edit; changes may be undone by the next 'dep ensure'.


[[projects]]
  branch = "master"
  digest = "1:ca1bfe03324601a4bd42482a331449c5f387ac014376b55515910ec3295ea15c"
  name = "github.com/bwmarrin/snowflake"
  packages = ["."]
  pruneopts = "UT"
  revision = "68117e6bbede4dd72d70c7a58d73348ead068509"

[[projects]]
  branch = "master"
  digest = "1:228a03a679f6169421993167e028f9e157a9f4b026b943c835a804ed1f5bd28f"
  name = "github.com/godaner/go-route"
  packages = ["route"]
  pruneopts = "UT"
  revision = "592fed4c378f8e813df0e6690979f8afaf870164"

[[projects]]
  branch = "master"
  digest = "1:b60934bf14a81922074f4255ee2ecda7ab4774c104a29d675e1de5948889e557"
  name = "github.com/godaner/go-util"
  packages = [
    "httputil",
    "randomutil",
    "timeutil",
  ]
  pruneopts = "UT"
  revision = "11ef6814bde68a6e0585a6d3dc27f85356a5d39f"

[[projects]]
  branch = "master"
  digest = "1:bf1cb2d456a753d515d90e43c4b05afa4837e75d7808d1752607b91007ce25bb"
  name = "github.com/skip2/go-qrcode"
  packages = [
    ".",
    "bitset",
    "reedsolomon",
  ]
  pruneopts = "UT"
  revision = "cf5f9fa2f0d847edb8e038db7ed975e239095e1a"

[[projects]]
  branch = "master"
  digest = "1:205cd2534f22918f25bf420cef34073b3a64947c23ed429dfdfe696929d37432"
  name = "github.com/smartwalle/alipay"
  packages = [
    ".",
    "encoding",
  ]
  pruneopts = "UT"
  revision = "5aaecfba32cffedf1b3536adf703de7fa9f1ec3e"

[[projects]]
  branch = "v2"
  digest = "1:988de7520a09024d5d94cd99bd545afbf194893994ec759b1cda0a0bbb6adb80"
  name = "gopkg.in/mgo.v2"
  packages = [
    ".",
    "bson",
    "internal/json",
    "internal/sasl",
    "internal/scram",
  ]
  pruneopts = "UT"
  revision = "9856a29383ce1c59f308dd1cf0363a79b5bef6b5"

[solve-meta]
  analyzer-name = "dep"
  analyzer-version = 1
  input-imports = [
    "github.com/godaner/go-route/route",
    "github.com/godaner/go-util/httputil",
    "github.com/godaner/go-util/randomutil",
    "github.com/godaner/go-util/timeutil",
    "github.com/skip2/go-qrcode",
    "github.com/smartwalle/alipay",
    "gopkg.in/mgo.v2",
    "gopkg.in/mgo.v2/bson",
  ]
  solver-name = "gps-cdcl"
  solver-version = 1
